# @generated - this file is auto-generated by `mise lock` https://mise.en.dev/dev-tools/mise-lock.html

[[tools."github:yannh/kubeconform"]]
version = "0.7.0"
backend = "github:yannh/kubeconform"

[tools."github:yannh/kubeconform"."platforms.linux-arm64"]
checksum = "sha256:cc907ccf9e3c34523f0f32b69745265e0a6908ca85b92f41931d4537860eb83c"
url = "https://github.com/yannh/kubeconform/releases/download/v0.7.0/kubeconform-linux-arm64.tar.gz"
url_api = "https://api.github.com/repos/yannh/kubeconform/releases/assets/253886790"

[tools."github:yannh/kubeconform"."platforms.linux-arm64-musl"]
checksum = "sha256:cc907ccf9e3c34523f0f32b69745265e0a6908ca85b92f41931d4537860eb83c"
url = "https://github.com/yannh/kubeconform/releases/download/v0.7.0/kubeconform-linux-arm64.tar.gz"
url_api = "https://api.github.com/repos/yannh/kubeconform/releases/assets/253886790"

[tools."github:yannh/kubeconform"."platforms.linux-x64"]
checksum = "sha256:c31518ddd122663b3f3aa874cfe8178cb0988de944f29c74a0b9260920d115d3"
url = "https://github.com/yannh/kubeconform/releases/download/v0.7.0/kubeconform-linux-amd64.tar.gz"
url_api = "https://api.github.com/repos/yannh/kubeconform/releases/assets/253886788"

[tools."github:yannh/kubeconform"."platforms.linux-x64-musl"]
checksum = "sha256:c31518ddd122663b3f3aa874cfe8178cb0988de944f29c74a0b9260920d115d3"
url = "https://github.com/yannh/kubeconform/releases/download/v0.7.0/kubeconform-linux-amd64.tar.gz"
url_api = "https://api.github.com/repos/yannh/kubeconform/releases/assets/253886788"

[tools."github:yannh/kubeconform"."platforms.macos-arm64"]
checksum = "sha256:b5d32b2cb77f9c781c976b20a85e2d0bc8f9184d5d1cfe665a2f31a19f99eeb9"
url = "https://github.com/yannh/kubeconform/releases/download/v0.7.0/kubeconform-darwin-arm64.tar.gz"
url_api = "https://api.github.com/repos/yannh/kubeconform/releases/assets/253886781"

[tools."github:yannh/kubeconform"."platforms.macos-x64"]
checksum = "sha256:c6771cc894d82e1b12f35ee797dcda1f7da6a3787aa30902a15c264056dd40d4"
url = "https://github.com/yannh/kubeconform/releases/download/v0.7.0/kubeconform-darwin-amd64.tar.gz"
url_api = "https://api.github.com/repos/yannh/kubeconform/releases/assets/253886793"

[tools."github:yannh/kubeconform"."platforms.windows-arm64"]
checksum = "sha256:85c5b984950e2783cafac58cac432f35c5003d45ba1dee47d70f05e471960c55"
url = "https://github.com/yannh/kubeconform/releases/download/v0.7.0/kubeconform-windows-arm64.zip"
url_api = "https://api.github.com/repos/yannh/kubeconform/releases/assets/253886787"

[tools."github:yannh/kubeconform"."platforms.windows-x64"]
checksum = "sha256:9cb75551d81c909c2241ab383ced2be68363b5bfb15fd989badcc5a63bea5d7e"
url = "https://github.com/yannh/kubeconform/releases/download/v0.7.0/kubeconform-windows-amd64.zip"
url_api = "https://api.github.com/repos/yannh/kubeconform/releases/assets/253886778"

[[tools.helm]]
version = "4.2.0"
backend = "aqua:helm/helm"

[tools.helm."platforms.linux-arm64"]
checksum = "sha256:1f8de130dfbd04de64978e7b852a7a547be1404956a366608276d2520b678670"
url = "https://get.helm.sh/helm-v4.2.0-linux-arm64.tar.gz"

[tools.helm."platforms.linux-arm64-musl"]
checksum = "sha256:1f8de130dfbd04de64978e7b852a7a547be1404956a366608276d2520b678670"
url = "https://get.helm.sh/helm-v4.2.0-linux-arm64.tar.gz"

[tools.helm."platforms.linux-x64"]
checksum = "sha256:97dbeb971be4ac4b27e3839976d9564c0fb35c6f3b1da89dd1e292d236af4096"
url = "https://get.helm.sh/helm-v4.2.0-linux-amd64.tar.gz"

[tools.helm."platforms.linux-x64-musl"]
checksum = "sha256:97dbeb971be4ac4b27e3839976d9564c0fb35c6f3b1da89dd1e292d236af4096"
url = "https://get.helm.sh/helm-v4.2.0-linux-amd64.tar.gz"

[tools.helm."platforms.macos-arm64"]
checksum = "sha256:f13f959015447b6bc309f9fd506509926543988a39035c088b52522ec95e2acb"
url = "https://get.helm.sh/helm-v4.2.0-darwin-arm64.tar.gz"

[tools.helm."platforms.macos-x64"]
checksum = "sha256:1376ea697140e4db316736e760d5a47d12afc1524dce704476ef06fd7fdeddc6"
url = "https://get.helm.sh/helm-v4.2.0-darwin-amd64.tar.gz"

[tools.helm."platforms.windows-arm64"]
checksum = "sha256:41b8c33f7bb5ed094412b50702e70014633383e2cc32efd60239afbfe9fdbc19"
url = "https://get.helm.sh/helm-v4.2.0-windows-arm64.tar.gz"

[tools.helm."platforms.windows-x64"]
checksum = "sha256:34bf9659f8f04f3841a60131183b8e2acc44e260db4c93b889ff09718cacca6f"
url = "https://get.helm.sh/helm-v4.2.0-windows-amd64.tar.gz"

[[tools.k3d]]
version = "5.8.3"
backend = "aqua:k3d-io/k3d"

[tools.k3d."platforms.linux-arm64"]
checksum = "sha256:0b8110f2229631af7402fb828259330985918b08fefd38b7f1b788a1c8687216"
url = "https://github.com/k3d-io/k3d/releases/download/v5.8.3/k3d-linux-arm64"

[tools.k3d."platforms.linux-arm64-musl"]
checksum = "sha256:0b8110f2229631af7402fb828259330985918b08fefd38b7f1b788a1c8687216"
url = "https://github.com/k3d-io/k3d/releases/download/v5.8.3/k3d-linux-arm64"

[tools.k3d."platforms.linux-x64"]
checksum = "sha256:dbaa79a76ace7f4ca230a1ff41dc7d8a5036a8ad0309e9c54f9bf3836dbe853e"
url = "https://github.com/k3d-io/k3d/releases/download/v5.8.3/k3d-linux-amd64"

[tools.k3d."platforms.linux-x64-musl"]
checksum = "sha256:dbaa79a76ace7f4ca230a1ff41dc7d8a5036a8ad0309e9c54f9bf3836dbe853e"
url = "https://github.com/k3d-io/k3d/releases/download/v5.8.3/k3d-linux-amd64"

[tools.k3d."platforms.macos-arm64"]
checksum = "sha256:8da468daa7dc7cf7cdd4735f90a9bb05179fa27858250f62e3d8cdf5b5ca0698"
url = "https://github.com/k3d-io/k3d/releases/download/v5.8.3/k3d-darwin-arm64"

[tools.k3d."platforms.macos-x64"]
checksum = "sha256:fd0f8e9e8ea4d8bc3674572ca6ed0833b639bf57c43c708616d937377324cfea"
url = "https://github.com/k3d-io/k3d/releases/download/v5.8.3/k3d-darwin-amd64"

[tools.k3d."platforms.windows-arm64"]
checksum = "sha256:655d2aadcb1f0a0dd196c5cbc564687ba945a9547c8e82c9fc532051fb260e22"
url = "https://github.com/k3d-io/k3d/releases/download/v5.8.3/k3d-windows-amd64.exe"

[tools.k3d."platforms.windows-x64"]
checksum = "sha256:655d2aadcb1f0a0dd196c5cbc564687ba945a9547c8e82c9fc532051fb260e22"
url = "https://github.com/k3d-io/k3d/releases/download/v5.8.3/k3d-windows-amd64.exe"

[[tools.kind]]
version = "0.31.0"
backend = "aqua:kubernetes-sigs/kind"

[tools.kind."platforms.linux-arm64"]
checksum = "sha256:8e1014e87c34901cc422a1445866835d1e666f2a61301c27e722bdeab5a1f7e4"
url = "https://github.com/kubernetes-sigs/kind/releases/download/v0.31.0/kind-linux-arm64"

[tools.kind."platforms.linux-arm64-musl"]
checksum = "sha256:8e1014e87c34901cc422a1445866835d1e666f2a61301c27e722bdeab5a1f7e4"
url = "https://github.com/kubernetes-sigs/kind/releases/download/v0.31.0/kind-linux-arm64"

[tools.kind."platforms.linux-x64"]
checksum = "sha256:eb244cbafcc157dff60cf68693c14c9a75c4e6e6fedaf9cd71c58117cb93e3fa"
url = "https://github.com/kubernetes-sigs/kind/releases/download/v0.31.0/kind-linux-amd64"

[tools.kind."platforms.linux-x64-musl"]
checksum = "sha256:eb244cbafcc157dff60cf68693c14c9a75c4e6e6fedaf9cd71c58117cb93e3fa"
url = "https://github.com/kubernetes-sigs/kind/releases/download/v0.31.0/kind-linux-amd64"

[tools.kind."platforms.macos-arm64"]
checksum = "sha256:88bf554fe9da6311c9f8c2d082613c002911a476f6b5090e9420b35d84e70c5c"
url = "https://github.com/kubernetes-sigs/kind/releases/download/v0.31.0/kind-darwin-arm64"

[tools.kind."platforms.macos-x64"]
checksum = "sha256:a8b3cf77b2ad77aec5bf710d1a2589d9117576132af812885cad41e9dede4d4e"
url = "https://github.com/kubernetes-sigs/kind/releases/download/v0.31.0/kind-darwin-amd64"

[tools.kind."platforms.windows-arm64"]
checksum = "sha256:2c3a9ff954de16244380778683cf99e271bfc2fac9c6c4e797e4623c45e59d9d"
url = "https://github.com/kubernetes-sigs/kind/releases/download/v0.31.0/kind-windows-amd64"

[tools.kind."platforms.windows-x64"]
checksum = "sha256:2c3a9ff954de16244380778683cf99e271bfc2fac9c6c4e797e4623c45e59d9d"
url = "https://github.com/kubernetes-sigs/kind/releases/download/v0.31.0/kind-windows-amd64"

[[tools.kubectl]]
version = "1.36.1"
backend = "aqua:kubernetes/kubernetes/kubectl"

[tools.kubectl."platforms.linux-arm64"]
checksum = "sha256:59f7ee8e477fae658447607dc3c8790ac17a1b016c01c622c12070e969e2d4e7"
url = "https://dl.k8s.io/v1.36.1/bin/linux/arm64/kubectl"

[tools.kubectl."platforms.linux-arm64-musl"]
checksum = "sha256:59f7ee8e477fae658447607dc3c8790ac17a1b016c01c622c12070e969e2d4e7"
url = "https://dl.k8s.io/v1.36.1/bin/linux/arm64/kubectl"

[tools.kubectl."platforms.linux-x64"]
checksum = "sha256:629d3f410e09bf49b64ae7079f7f0bda1191efed311f7d37fdbab0ad5b0ec2b7"
url = "https://dl.k8s.io/v1.36.1/bin/linux/amd64/kubectl"

[tools.kubectl."platforms.linux-x64-musl"]
checksum = "sha256:629d3f410e09bf49b64ae7079f7f0bda1191efed311f7d37fdbab0ad5b0ec2b7"
url = "https://dl.k8s.io/v1.36.1/bin/linux/amd64/kubectl"

[tools.kubectl."platforms.macos-arm64"]
checksum = "sha256:9092778abaef3079449da4cd70ded0e4be112480c93efcdeace3155968d1d133"
url = "https://dl.k8s.io/v1.36.1/bin/darwin/arm64/kubectl"

[tools.kubectl."platforms.macos-x64"]
checksum = "sha256:b4973e90ebb00537d735b63d6f8293c1959156e6ff435f6a43c08aeaa1a2e7d7"
url = "https://dl.k8s.io/v1.36.1/bin/darwin/amd64/kubectl"

[tools.kubectl."platforms.windows-arm64"]
checksum = "sha256:606ab5d869b85c15acd2739dec16e74a589d535874875a62f23d0319c7c80fed"
url = "https://dl.k8s.io/v1.36.1/bin/windows/arm64/kubectl.exe"

[tools.kubectl."platforms.windows-x64"]
checksum = "sha256:538f4229eee91a17b34724da7daade7687393d6988e33b723c6c306572c13900"
url = "https://dl.k8s.io/v1.36.1/bin/windows/amd64/kubectl.exe"

[[tools.rust]]
version = "1.99.0-beta.3"
backend = "core:rust"

[tools.rust.options]
components = "clippy,rustfmt"
targets = "wasm32-unknown-unknown"

[[tools.zig]]
version = "0.13.0"
backend = "core:zig"

[tools.zig."platforms.linux-arm64"]
checksum = "sha256:041ac42323837eb5624068acd8b00cd5777dac4cf91179e8dad7a7e90dd0c556"
url = "https://ziglang.org/download/0.13.0/zig-linux-aarch64-0.13.0.tar.xz"

[tools.zig."platforms.linux-arm64-musl"]
checksum = "sha256:041ac42323837eb5624068acd8b00cd5777dac4cf91179e8dad7a7e90dd0c556"
url = "https://ziglang.org/download/0.13.0/zig-linux-aarch64-0.13.0.tar.xz"

[tools.zig."platforms.linux-x64"]
checksum = "sha256:d45312e61ebcc48032b77bc4cf7fd6915c11fa16e4aad116b66c9468211230ea"
url = "https://ziglang.org/download/0.13.0/zig-linux-x86_64-0.13.0.tar.xz"

[tools.zig."platforms.linux-x64-musl"]
checksum = "sha256:d45312e61ebcc48032b77bc4cf7fd6915c11fa16e4aad116b66c9468211230ea"
url = "https://ziglang.org/download/0.13.0/zig-linux-x86_64-0.13.0.tar.xz"

[tools.zig."platforms.macos-arm64"]
checksum = "sha256:46fae219656545dfaf4dce12fb4e8685cec5b51d721beee9389ab4194d43394c"
url = "https://ziglang.org/download/0.13.0/zig-macos-aarch64-0.13.0.tar.xz"

[tools.zig."platforms.macos-x64"]
checksum = "sha256:8b06ed1091b2269b700b3b07f8e3be3b833000841bae5aa6a09b1a8b4773effd"
url = "https://ziglang.org/download/0.13.0/zig-macos-x86_64-0.13.0.tar.xz"

[tools.zig."platforms.windows-arm64"]
checksum = "sha256:95ff88427af7ba2b4f312f45d2377ce7a033e5e3c620c8caaa396a9aba20efda"
url = "https://ziglang.org/download/0.13.0/zig-windows-aarch64-0.13.0.zip"

[tools.zig."platforms.windows-x64"]
checksum = "sha256:d859994725ef9402381e557c60bb57497215682e355204d754ee3df75ee3c158"
url = "https://ziglang.org/download/0.13.0/zig-windows-x86_64-0.13.0.zip"
