name: bytelock

# N-ORACLE BYTE-LOCK — a DRIFT CHECK, not a gate.
#
# WHY DRIFT AND NOT A GATE (Aaron asked directly, 2026-08-01):
#   1. Architecture. Zeta is moving off forge hosts toward git-native then zetadb-native.
#      "CI gates are for corporate jobs, not sovereign ones." The discipline is RETRACTION
#      OVER PREVENTION: a divergence is noticed and healed, not forbidden by an authority.
#   2. It runs on `push: main`, i.e. POST-MERGE — it cannot gate anything by construction.
#   3. Empirically decisive: before the 2026-08-01 fix this runner reported
#      "Byte-lock FAILED — divergences found" when the only cause was
#      `lua5.4: command not found`. As a required gate, one runner missing a toolchain
#      would block all work; as a drift signal it is simply information.
#   4. A real byte divergence is usually something you WANT TO KNOW (a Zig upgrade changed
#      float rounding), not something to prevent. Blocking would hide the finding.
#
# WHAT IS HARD — LIVENESS, NOT THE RESULT:
#   The hazard is not divergence. It is the byte-lock going GREEN WHILE VERIFYING NOTHING
#   (missing .wasm artefacts, every substrate skipped). "Verified 0 of 10" must never read
#   as success — that is exactly the false-green shape that put six unfalsifiable
#   "discharges" into the frozen core on 2026-08-01. So the runner exits 2 when fewer than
#   BYTELOCK_MIN_SUBSTRATES actually executed, and THAT is what fails this job.
#
#   exit 0 = agreed (or diverged — reported as drift)
#   exit 1 = diverged AND BYTELOCK_STRICT=1 (not set here)
#   exit 2 = LIVENESS FAILURE — too few substrates ran. This is the failure that matters.
#   exit 3 = MALFORMED ARTEFACT — a substrate binary is not loadable, so it verified nothing.
#   exit 4 = REFERENCE DRIFT — reference.mjs no longer reproduces a COMMITTED golden vector.
#
# WHAT EXIT 4 IS FOR (added 2026-08-16, and it was a live hole, not a hypothetical):
#   `testdata/golden-seed-{1,42,100,999}.json` are the byte-lock's hex-in-JSON vectors — the
#   artifact `.claude/rules/no-binary-in-proof-lineage.md` exists to require. NOTHING READ THEM.
#   The runner recomputed its expectation from `reference.mjs` on every run, so it was grading
#   its own homework: edit the reference, rebuild the substrates from source, and all nine agree
#   with the new answer. "Byte-lock AGREED — 9 of 9", green, with the locked trajectory moved and
#   no diff anywhere a reviewer looks. The four files that would have shown it as a readable hex
#   diff were sitting in the directory, unopened.
#
#   So the pin is HARD while divergence stays soft, and it runs BEFORE any substrate. A
#   substrate disagreeing is a finding about a compiler and you want it delivered. The reference
#   disagreeing with its own committed vector is a finding about the MEASURING STICK, and every
#   comparison downstream of it is unearned — the same asymmetry that makes exit 3 hard.
#   Intended trajectory change → regenerate the vectors in the same commit.
#
# WHAT EXIT 3 IS FOR (added 2026-08-15, and it had already happened):
#   `dla-canonical-zig.wasm` was committed as an `ar` archive (`!<arch>`), the unlinked
#   `zig build-lib` intermediate. It could not load in ANY run, yet it counted toward
#   `executed`, so the summary claimed "1 of 8 executed" when 7 substrates had compared a
#   vector and the eighth had only ever thrown at load. A load failure arrived through the
#   same channel as a byte divergence, and divergence is deliberately non-fatal here — so
#   the job went green for two weeks over a substrate that verified nothing.
#   A broken instrument is not a soft finding. It stops the run.

on:
  push:
    branches: [main]
    paths:
      - "src/wasm-dla/**"
      - ".github/workflows/bytelock.yml"
  workflow_dispatch: {}

permissions:
  contents: read

concurrency:
  group: bytelock-${{ github.ref }}
  cancel-in-progress: false

jobs:
  bytelock:
    name: byte-lock (drift check)
    timeout-minutes: 15
    runs-on: ubuntu-24.04

    steps:
      - name: Checkout
        uses: actions/checkout@3d3c42e5aac5ba805825da76410c181273ba90b1 # v7.0.1

      - name: Install substrate toolchains
        # wat2wasm (wabt) and lua5.4 are the two the runner shells out to; node runs the
        # WASM substrates and the JS reference. A toolchain that fails to install shows up
        # as TOOLING-ABSENT (not a divergence) and reduces the executed count — which the
        # liveness floor below then catches if it drops too far.
        run: |
          sudo apt-get update -qq
          sudo apt-get install -y --no-install-recommends wabt lua5.4

      # THE GO SUBSTRATE HAD NEVER EXECUTED IN CI. `run-go-wasm.mjs` needs
      # `dla-canonical-go.wasm`; that artefact was neither committed nor built here, so Go
      # reported TOOLING-ABSENT on every run from the day it joined the roster while
      # `executed >= 2` stayed satisfied by the others. It sat in the roster contributing
      # nothing.
      #
      # It is BUILT rather than COMMITTED, and that is deliberate. The Go artefact is
      # ~1.9 MB — 1,500× the Zig module and 4× the largest binary already in this
      # directory — and `src/wasm-dla/bytelock/.gitignore` already states the intent that
      # compiled substrates are "built by CI/local toolchain, not stored in repo". Building
      # it from the committed 3.8 KB `dla-canonical.go` keeps the reviewable artefact TEXT
      # (`.claude/rules/no-binary-in-proof-lineage.md` in spirit: the proof lineage should
      # not rest on bytes a reviewer cannot read) and makes the substrate reproducible
      # rather than trusted.
      #
      # The version is pinned to `.mise.toml`'s `go = "1.26.4"`. This is a PARITY
      # REQUIREMENT, not a preference: `wasm_exec.js` is the Go runtime's own JS bridge and
      # is committed alongside the source, so it must come from a compatible Go. Bump both
      # together or the harness fails at boot.
      - name: Setup Go (pinned to .mise.toml — must match the committed wasm_exec.js)
        uses: actions/setup-go@b7ad1dad31e06c5925ef5d2fc7ad053ef454303e # v7.0.0
        with:
          go-version: "1.26.4"
          cache: false

      - name: Build the Go WASM substrate
        working-directory: src/wasm-dla/bytelock
        # `build-substrates.mjs` checks the exit status AND the emitted file's WebAssembly
        # header, so a failed build cannot leave a missing or non-module artefact behind
        # while reporting success.
        run: node build-substrates.mjs --only=Go

      - name: Versions (recorded so a drift can be attributed to a toolchain change)
        run: |
          node --version
          go version || echo "go: ABSENT"
          wat2wasm --version || echo "wat2wasm: ABSENT"
          lua5.4 -v || echo "lua5.4: ABSENT"

      - name: Run the N-oracle byte-lock
        working-directory: src/wasm-dla/bytelock
        env:
          # RAISED 2 → 9 (2026-08-15), which the previous comment here asked for: "raise it
          # as substrates become reliably buildable in CI; never lower it silently."
          #
          # 2 was an aggregate over NINE independent instruments, so seven could go dark and
          # the count still cleared it — and two of them WERE dark. Go had never been built,
          # and Zig's artefact was an `ar` archive that could not load. The floor noticed
          # neither, because redundancy in the numerator hides a zero.
          #
          # At 9 the floor EQUALS the number of substrates this runner provides a toolchain
          # for, which makes an aggregate floor per-route by exhaustion: any single
          # substrate failing to execute drops the count to 8 and exits 2. That is the whole
          # roster held to account, with no list to keep in sync.
          #
          # Lower this ONLY together with removing a substrate from the roster — an honestly
          # smaller N is worth more than a padded one, but the two numbers must move as one.
          BYTELOCK_MIN_SUBSTRATES: "9"
          # PER-ROUTE FLOOR. The aggregate above catches *count* regressions; this list
          # catches *identity* regressions — a renamed substrate that passes the count but
          # never actually ran. A missing one fails and is named.
          #
          # The list belongs here rather than in the runner because which toolchains exist
          # is a property of THIS environment: the apt step above installs wabt and lua5.4,
          # node is preinstalled, and the six .wasm modules are committed.
          #
          # Go is DECLARED ABSENT, not silently missing: `run-go-wasm.mjs` needs
          # `dla-canonical-go.wasm`, which is not committed and is not built here, so Go has
          # never been exercised in CI. Add it to this list in the same change that builds it.
          BYTELOCK_REQUIRED_SUBSTRATES: "WAT,LLVM/C,Emscripten,Rust,AssemblyScript,Zig,JS (V8),Lua 5.4"
        run: node run-bytelock-ci.mjs

      # THE NEGATIVE CONTROLS HAD NEVER RUN EITHER. `test-fault-injection.mjs` is the suite
      # that proves this byte-lock can DETECT a fault — corrupt trajectory, corrupt cluster
      # size, all-zeros output, liveness floor, absent toolchain, malformed artefact, and a
      # substrate that ran and crashed. Until 2026-08-15 no workflow referenced it, so the
      # evidence that the byte-lock is falsifiable was itself never gathered. A suite that
      # never executes is the same defect as a substrate that never executes, one level up.
      #
      # It mutates files in the working tree (reference.mjs, run-bytelock-ci.mjs, the Zig
      # artefact) and restores them in `finally`, so it runs AFTER the real byte-lock and
      # before the report is emitted.
      #
      # Eight controls since 2026-08-16, not seven: #8 is the reference-drift pin (exit 4). It
      # also forced faults 1-3 to be honest — they used to move the EXPECTATION and call the
      # result a substrate divergence, which the pin now catches as drift. They corrupt what a
      # substrate returns instead, and each asserts the blast radius is exactly one substrate.
      - name: Run the fault-injection negative controls
        working-directory: src/wasm-dla/bytelock
        run: node test-fault-injection.mjs

      - name: Emit the machine-readable report
        if: always()
        working-directory: src/wasm-dla/bytelock
        env:
          # Kept equal to the run step above so the uploaded report describes the same
          # instrument the job was judged on. `|| true` keeps the drift record uploadable
          # even when the run step failed — which is precisely when it is worth reading.
          BYTELOCK_MIN_SUBSTRATES: "9"
        run: node run-bytelock-ci.mjs --json > bytelock-report.json || true

      - name: Upload the report (the drift record)
        if: always()
        uses: actions/upload-artifact@043fb46d1a93c77aae656e7c1c64a875d1fc6a0a # v7.0.1
        with:
          name: bytelock-report
          path: src/wasm-dla/bytelock/bytelock-report.json
          if-no-files-found: warn
          retention-days: 30
